
Microsoft Visual Studio Solution File, Format Version 12.00
# Visual Studio 14
VisualStudioVersion = 14.0.24720.0
MinimumVisualStudioVersion = 10.0.40219.1
Project("{FAE04EC0-301F-11D3-BF4B-00C04F79EFBC}") = "KEYLOGGER_V1", "KEYLOGGER_V1\KEYLOGGER_V1.csproj", "{C6E602DF-5541-4731-AD1D-72D0FA93A048}"
EndProject
Project("{FAE04EC0-301F-11D3-BF4B-00C04F79EFBC}") = "IniFile", "IniFile\IniFile.csproj", "{01DE734E-F97B-49F4-814C-BCCEC844863F}"
EndProject
Project("{FAE04EC0-301F-11D3-BF4B-00C04F79EFBC}") = "ClassesKey", "ClassesKey\ClassesKey.csproj", "{7EFC8FA2-1094-427E-ADF2-BB81A756C181}"
EndProject
Global
	GlobalSection(SolutionConfigurationPlatforms) = preSolution
		Debug|Any CPU = Debug|Any CPU
		Release|Any CPU = Release|Any CPU
	EndGlobalSection
	GlobalSection(ProjectConfigurationPlatforms) = postSolution
		{C6E602DF-5541-4731-AD1D-72D0FA93A048}.Debug|Any CPU.ActiveCfg = Debug|Any CPU
		{C6E602DF-5541-4731-AD1D-72D0FA93A048}.Debug|Any CPU.Build.0 = Debug|Any CPU
		{C6E602DF-5541-4731-AD1D-72D0FA93A048}.Release|Any CPU.ActiveCfg = Release|Any CPU
		{C6E602DF-5541-4731-AD1D-72D0FA93A048}.Release|Any CPU.Build.0 = Release|Any CPU
		{01DE734E-F97B-49F4-814C-BCCEC844863F}.Debug|Any CPU.ActiveCfg = Debug|Any CPU
		{01DE734E-F97B-49F4-814C-BCCEC844863F}.Debug|Any CPU.Build.0 = Debug|Any CPU
		{01DE734E-F97B-49F4-814C-BCCEC844863F}.Release|Any CPU.ActiveCfg = Release|Any CPU
		{01DE734E-F97B-49F4-814C-BCCEC844863F}.Release|Any CPU.Build.0 = Release|Any CPU
		{7EFC8FA2-1094-427E-ADF2-BB81A756C181}.Debug|Any CPU.ActiveCfg = Debug|Any CPU
		{7EFC8FA2-1094-427E-ADF2-BB81A756C181}.Debug|Any CPU.Build.0 = Debug|Any CPU
		{7EFC8FA2-1094-427E-ADF2-BB81A756C181}.Release|Any CPU.ActiveCfg = Release|Any CPU
		{7EFC8FA2-1094-427E-ADF2-BB81A756C181}.Release|Any CPU.Build.0 = Release|Any CPU
	EndGlobalSection
	GlobalSection(SolutionProperties) = preSolution
		HideSolutionNode = FALSE
	EndGlobalSection
EndGlobal
